
Microsoft Visual Studio Solution File, Format Version 12.00
# Visual Studio Version 17
VisualStudioVersion = 17.2.32602.215
MinimumVisualStudioVersion = 10.0.40219.1
Project("{9A19103F-16F7-4668-BE54-9A1E7A4F7556}") = "Task2", "Task2\Task2.csproj", "{EA163172-9D1F-4237-B406-E980CCFF68F8}"
EndProject
Project("{FAE04EC0-301F-11D3-BF4B-00C04F79EFBC}") = "Task1", "Task1\Task1.csproj", "{033D9815-AB57-42E1-A4C1-AEFF06813BF4}"
EndProject
Project("{FAE04EC0-301F-11D3-BF4B-00C04F79EFBC}") = "Task4", "Task4\Task4.csproj", "{89279CD8-C1E6-46D5-A588-247BA834A2FE}"
EndProject
Global
	GlobalSection(SolutionConfigurationPlatforms) = preSolution
		Debug|Any CPU = Debug|Any CPU
		Release|Any CPU = Release|Any CPU
	EndGlobalSection
	GlobalSection(ProjectConfigurationPlatforms) = postSolution
		{EA163172-9D1F-4237-B406-E980CCFF68F8}.Debug|Any CPU.ActiveCfg = Debug|Any CPU
		{EA163172-9D1F-4237-B406-E980CCFF68F8}.Debug|Any CPU.Build.0 = Debug|Any CPU
		{EA163172-9D1F-4237-B406-E980CCFF68F8}.Release|Any CPU.ActiveCfg = Release|Any CPU
		{EA163172-9D1F-4237-B406-E980CCFF68F8}.Release|Any CPU.Build.0 = Release|Any CPU
		{033D9815-AB57-42E1-A4C1-AEFF06813BF4}.Debug|Any CPU.ActiveCfg = Debug|Any CPU
		{033D9815-AB57-42E1-A4C1-AEFF06813BF4}.Debug|Any CPU.Build.0 = Debug|Any CPU
		{033D9815-AB57-42E1-A4C1-AEFF06813BF4}.Release|Any CPU.ActiveCfg = Release|Any CPU
		{033D9815-AB57-42E1-A4C1-AEFF06813BF4}.Release|Any CPU.Build.0 = Release|Any CPU
		{89279CD8-C1E6-46D5-A588-247BA834A2FE}.Debug|Any CPU.ActiveCfg = Debug|Any CPU
		{89279CD8-C1E6-46D5-A588-247BA834A2FE}.Debug|Any CPU.Build.0 = Debug|Any CPU
		{89279CD8-C1E6-46D5-A588-247BA834A2FE}.Release|Any CPU.ActiveCfg = Release|Any CPU
		{89279CD8-C1E6-46D5-A588-247BA834A2FE}.Release|Any CPU.Build.0 = Release|Any CPU
	EndGlobalSection
	GlobalSection(SolutionProperties) = preSolution
		HideSolutionNode = FALSE
	EndGlobalSection
	GlobalSection(ExtensibilityGlobals) = postSolution
		SolutionGuid = {DB28CE9F-D60B-4EBC-ADFC-C0F93BB888BF}
	EndGlobalSection
EndGlobal
